
Microsoft Visual Studio Solution File, Format Version 12.00
# Visual Studio Version 17
VisualStudioVersion = 17.6.33829.357
MinimumVisualStudioVersion = 10.0.40219.1
Project("{FAE04EC0-301F-11D3-BF4B-00C04F79EFBC}") = "producer", "producer\producer.csproj", "{A0FF5336-96B2-42E2-988B-CE7A6EBF5AF7}"
EndProject
Global
	GlobalSection(SolutionConfigurationPlatforms) = preSolution
		Debug|Any CPU = Debug|Any CPU
		Release|Any CPU = Release|Any CPU
	EndGlobalSection
	GlobalSection(ProjectConfigurationPlatforms) = postSolution
		{A0FF5336-96B2-42E2-988B-CE7A6EBF5AF7}.Debug|Any CPU.ActiveCfg = Debug|Any CPU
		{A0FF5336-96B2-42E2-988B-CE7A6EBF5AF7}.Debug|Any CPU.Build.0 = Debug|Any CPU
		{A0FF5336-96B2-42E2-988B-CE7A6EBF5AF7}.Release|Any CPU.ActiveCfg = Release|Any CPU
		{A0FF5336-96B2-42E2-988B-CE7A6EBF5AF7}.Release|Any CPU.Build.0 = Release|Any CPU
	EndGlobalSection
	GlobalSection(SolutionProperties) = preSolution
		HideSolutionNode = FALSE
	EndGlobalSection
	GlobalSection(ExtensibilityGlobals) = postSolution
		SolutionGuid = {290B947D-E286-4208-B807-C61ACCB43A47}
	EndGlobalSection
EndGlobal
